
Microsoft Visual Studio Solution File, Format Version 12.00
# Visual Studio 2013
VisualStudioVersion = 12.0.21005.1
MinimumVisualStudioVersion = 10.0.40219.1
Project("{FAE04EC0-301F-11D3-BF4B-00C04F79EFBC}") = "NotesExampleAPI.PCL", "NotesExampleAPI.PCL/NotesExampleAPI.PCL.csproj", "{7848e551-daf6-40f1-a064-fb4863588115}"
EndProject
Project("{FAE04EC0-301F-11D3-BF4B-00C04F79EFBC}") = "NotesExampleAPI.Tests", "NotesExampleAPI.Tests/NotesExampleAPI.Tests.csproj", "{d0278f07-ed57-48ac-873f-d012afcf33e7}"
EndProject
Global
    GlobalSection(SolutionConfigurationPlatforms) = preSolution
        Debug|Any CPU = Debug|Any CPU
        Release|Any CPU = Release|Any CPU
    EndGlobalSection
    GlobalSection(ProjectConfigurationPlatforms) = postSolution
        {7848e551-daf6-40f1-a064-fb4863588115}.Debug|Any CPU.ActiveCfg = Debug|Any CPU
        {7848e551-daf6-40f1-a064-fb4863588115}.Debug|Any CPU.Build.0 = Debug|Any CPU
        {7848e551-daf6-40f1-a064-fb4863588115}.Release|Any CPU.ActiveCfg = Release|Any CPU
        {7848e551-daf6-40f1-a064-fb4863588115}.Release|Any CPU.Build.0 = Release|Any CPU
        {d0278f07-ed57-48ac-873f-d012afcf33e7}.Debug|Any CPU.ActiveCfg = Debug|Any CPU
        {d0278f07-ed57-48ac-873f-d012afcf33e7}.Debug|Any CPU.Build.0 = Debug|Any CPU
        {d0278f07-ed57-48ac-873f-d012afcf33e7}.Release|Any CPU.ActiveCfg = Release|Any CPU
        {d0278f07-ed57-48ac-873f-d012afcf33e7}.Release|Any CPU.Build.0 = Release|Any CPU
    EndGlobalSection
    GlobalSection(SolutionProperties) = preSolution
        HideSolutionNode = FALSE
    EndGlobalSection
EndGlobal
